
Microsoft Visual Studio Solution File, Format Version 12.00
# Visual Studio 15
VisualStudioVersion = 15.0.28010.2016
MinimumVisualStudioVersion = 10.0.40219.1
Project("{FAE04EC0-301F-11D3-BF4B-00C04F79EFBC}") = "GPA-Calculator", "GPA-Calculator\GPA-Calculator.csproj", "{8D753791-FE5B-4C73-9B65-76749A0D807A}"
EndProject
Global
	GlobalSection(SolutionConfigurationPlatforms) = preSolution
		Debug|Any CPU = Debug|Any CPU
		Release|Any CPU = Release|Any CPU
	EndGlobalSection
	GlobalSection(ProjectConfigurationPlatforms) = postSolution
		{8D753791-FE5B-4C73-9B65-76749A0D807A}.Debug|Any CPU.ActiveCfg = Debug|Any CPU
		{8D753791-FE5B-4C73-9B65-76749A0D807A}.Debug|Any CPU.Build.0 = Debug|Any CPU
		{8D753791-FE5B-4C73-9B65-76749A0D807A}.Release|Any CPU.ActiveCfg = Release|Any CPU
		{8D753791-FE5B-4C73-9B65-76749A0D807A}.Release|Any CPU.Build.0 = Release|Any CPU
	EndGlobalSection
	GlobalSection(SolutionProperties) = preSolution
		HideSolutionNode = FALSE
	EndGlobalSection
	GlobalSection(ExtensibilityGlobals) = postSolution
		SolutionGuid = {BD05C164-891B-493D-A128-63E363C5D9F4}
	EndGlobalSection
EndGlobal
